
Microsoft Visual Studio Solution File, Format Version 12.00
# Visual Studio Version 17
VisualStudioVersion = 17.13.35806.99 d17.13
MinimumVisualStudioVersion = 10.0.40219.1
Project("{FAE04EC0-301F-11D3-BF4B-00C04F79EFBC}") = "API", "API\API.csproj", "{80707894-9BE8-4ACB-8804-EC9CB8B59CE5}"
EndProject
Global
	GlobalSection(SolutionConfigurationPlatforms) = preSolution
		Debug|Any CPU = Debug|Any CPU
		Release|Any CPU = Release|Any CPU
	EndGlobalSection
	GlobalSection(ProjectConfigurationPlatforms) = postSolution
		{80707894-9BE8-4ACB-8804-EC9CB8B59CE5}.Debug|Any CPU.ActiveCfg = Debug|Any CPU
		{80707894-9BE8-4ACB-8804-EC9CB8B59CE5}.Debug|Any CPU.Build.0 = Debug|Any CPU
		{80707894-9BE8-4ACB-8804-EC9CB8B59CE5}.Release|Any CPU.ActiveCfg = Release|Any CPU
		{80707894-9BE8-4ACB-8804-EC9CB8B59CE5}.Release|Any CPU.Build.0 = Release|Any CPU
	EndGlobalSection
	GlobalSection(SolutionProperties) = preSolution
		HideSolutionNode = FALSE
	EndGlobalSection
	GlobalSection(ExtensibilityGlobals) = postSolution
		SolutionGuid = {1A063B7D-ED5B-452A-8E4D-1F0052611869}
	EndGlobalSection
EndGlobal
